
Microsoft Visual Studio Solution File, Format Version 12.00
# Visual Studio Version 16
VisualStudioVersion = 16.0.29418.71
MinimumVisualStudioVersion = 10.0.40219.1
Project("{9A19103F-16F7-4668-BE54-9A1E7A4F7556}") = "ProCode.EsDnevnik.Model", "ProCode.EsDnevnik.Model\ProCode.EsDnevnik.Model.csproj", "{D470AD47-7F59-402E-8215-0BD63C988050}"
EndProject
Project("{9A19103F-16F7-4668-BE54-9A1E7A4F7556}") = "ProCode.EsDnevnik.Service", "ProCode.EsDnevnik.Service\ProCode.EsDnevnik.Service.csproj", "{08C9C276-DFC4-4B68-BC19-2C481774E30F}"
EndProject
Project("{9A19103F-16F7-4668-BE54-9A1E7A4F7556}") = "ProCode.EsDnevnik.ServiceTest", "ProCode.EsDnevnik.ServiceTest\ProCode.EsDnevnik.ServiceTest.csproj", "{7CB39FA6-464B-4AB7-A619-95C3BD50A50B}"
EndProject
Project("{9A19103F-16F7-4668-BE54-9A1E7A4F7556}") = "ProCode.EsDnevnikMob", "ProCode.EsDnevnikMob\ProCode.EsDnevnikMob\ProCode.EsDnevnikMob.csproj", "{53B803E8-C1A8-477B-8C6E-C4EE7F7A9853}"
EndProject
Project("{FAE04EC0-301F-11D3-BF4B-00C04F79EFBC}") = "ProCode.EsDnevnikMob.Android", "ProCode.EsDnevnikMob\ProCode.EsDnevnikMob.Android\ProCode.EsDnevnikMob.Android.csproj", "{5DD9F592-BE11-4E33-878D-5EC7609E63E2}"
EndProject
Project("{2150E333-8FDC-42A3-9474-1A3956D46DE8}") = "Resources", "Resources", "{2F99ECCF-FCD2-4799-9747-F7059B7C540E}"
EndProject
Global
	GlobalSection(SolutionConfigurationPlatforms) = preSolution
		Debug|Any CPU = Debug|Any CPU
		DebugFake|Any CPU = DebugFake|Any CPU
		Release|Any CPU = Release|Any CPU
		ReleaseInstant|Any CPU = ReleaseInstant|Any CPU
	EndGlobalSection
	GlobalSection(ProjectConfigurationPlatforms) = postSolution
		{D470AD47-7F59-402E-8215-0BD63C988050}.Debug|Any CPU.ActiveCfg = Debug|Any CPU
		{D470AD47-7F59-402E-8215-0BD63C988050}.Debug|Any CPU.Build.0 = Debug|Any CPU
		{D470AD47-7F59-402E-8215-0BD63C988050}.DebugFake|Any CPU.ActiveCfg = DebugFake|Any CPU
		{D470AD47-7F59-402E-8215-0BD63C988050}.DebugFake|Any CPU.Build.0 = DebugFake|Any CPU
		{D470AD47-7F59-402E-8215-0BD63C988050}.Release|Any CPU.ActiveCfg = Release|Any CPU
		{D470AD47-7F59-402E-8215-0BD63C988050}.Release|Any CPU.Build.0 = Release|Any CPU
		{D470AD47-7F59-402E-8215-0BD63C988050}.ReleaseInstant|Any CPU.ActiveCfg = ReleaseInstant|Any CPU
		{D470AD47-7F59-402E-8215-0BD63C988050}.ReleaseInstant|Any CPU.Build.0 = ReleaseInstant|Any CPU
		{08C9C276-DFC4-4B68-BC19-2C481774E30F}.Debug|Any CPU.ActiveCfg = Debug|Any CPU
		{08C9C276-DFC4-4B68-BC19-2C481774E30F}.Debug|Any CPU.Build.0 = Debug|Any CPU
		{08C9C276-DFC4-4B68-BC19-2C481774E30F}.DebugFake|Any CPU.ActiveCfg = DebugFake|Any CPU
		{08C9C276-DFC4-4B68-BC19-2C481774E30F}.DebugFake|Any CPU.Build.0 = DebugFake|Any CPU
		{08C9C276-DFC4-4B68-BC19-2C481774E30F}.Release|Any CPU.ActiveCfg = Release|Any CPU
		{08C9C276-DFC4-4B68-BC19-2C481774E30F}.Release|Any CPU.Build.0 = Release|Any CPU
		{08C9C276-DFC4-4B68-BC19-2C481774E30F}.ReleaseInstant|Any CPU.ActiveCfg = ReleaseInstant|Any CPU
		{08C9C276-DFC4-4B68-BC19-2C481774E30F}.ReleaseInstant|Any CPU.Build.0 = ReleaseInstant|Any CPU
		{7CB39FA6-464B-4AB7-A619-95C3BD50A50B}.Debug|Any CPU.ActiveCfg = Debug|Any CPU
		{7CB39FA6-464B-4AB7-A619-95C3BD50A50B}.Debug|Any CPU.Build.0 = Debug|Any CPU
		{7CB39FA6-464B-4AB7-A619-95C3BD50A50B}.DebugFake|Any CPU.ActiveCfg = DebugFake|Any CPU
		{7CB39FA6-464B-4AB7-A619-95C3BD50A50B}.DebugFake|Any CPU.Build.0 = DebugFake|Any CPU
		{7CB39FA6-464B-4AB7-A619-95C3BD50A50B}.Release|Any CPU.ActiveCfg = Release|Any CPU
		{7CB39FA6-464B-4AB7-A619-95C3BD50A50B}.Release|Any CPU.Build.0 = Release|Any CPU
		{7CB39FA6-464B-4AB7-A619-95C3BD50A50B}.ReleaseInstant|Any CPU.ActiveCfg = ReleaseInstant|Any CPU
		{7CB39FA6-464B-4AB7-A619-95C3BD50A50B}.ReleaseInstant|Any CPU.Build.0 = ReleaseInstant|Any CPU
		{53B803E8-C1A8-477B-8C6E-C4EE7F7A9853}.Debug|Any CPU.ActiveCfg = Debug|Any CPU
		{53B803E8-C1A8-477B-8C6E-C4EE7F7A9853}.Debug|Any CPU.Build.0 = Debug|Any CPU
		{53B803E8-C1A8-477B-8C6E-C4EE7F7A9853}.DebugFake|Any CPU.ActiveCfg = DebugFake|Any CPU
		{53B803E8-C1A8-477B-8C6E-C4EE7F7A9853}.DebugFake|Any CPU.Build.0 = DebugFake|Any CPU
		{53B803E8-C1A8-477B-8C6E-C4EE7F7A9853}.Release|Any CPU.ActiveCfg = Release|Any CPU
		{53B803E8-C1A8-477B-8C6E-C4EE7F7A9853}.Release|Any CPU.Build.0 = Release|Any CPU
		{53B803E8-C1A8-477B-8C6E-C4EE7F7A9853}.ReleaseInstant|Any CPU.ActiveCfg = ReleaseInstant|Any CPU
		{53B803E8-C1A8-477B-8C6E-C4EE7F7A9853}.ReleaseInstant|Any CPU.Build.0 = ReleaseInstant|Any CPU
		{5DD9F592-BE11-4E33-878D-5EC7609E63E2}.Debug|Any CPU.ActiveCfg = Debug|Any CPU
		{5DD9F592-BE11-4E33-878D-5EC7609E63E2}.Debug|Any CPU.Build.0 = Debug|Any CPU
		{5DD9F592-BE11-4E33-878D-5EC7609E63E2}.Debug|Any CPU.Deploy.0 = Debug|Any CPU
		{5DD9F592-BE11-4E33-878D-5EC7609E63E2}.DebugFake|Any CPU.ActiveCfg = DebugFake|Any CPU
		{5DD9F592-BE11-4E33-878D-5EC7609E63E2}.DebugFake|Any CPU.Build.0 = DebugFake|Any CPU
		{5DD9F592-BE11-4E33-878D-5EC7609E63E2}.DebugFake|Any CPU.Deploy.0 = DebugFake|Any CPU
		{5DD9F592-BE11-4E33-878D-5EC7609E63E2}.Release|Any CPU.ActiveCfg = Release|Any CPU
		{5DD9F592-BE11-4E33-878D-5EC7609E63E2}.Release|Any CPU.Build.0 = Release|Any CPU
		{5DD9F592-BE11-4E33-878D-5EC7609E63E2}.Release|Any CPU.Deploy.0 = Release|Any CPU
		{5DD9F592-BE11-4E33-878D-5EC7609E63E2}.ReleaseInstant|Any CPU.ActiveCfg = ReleaseInstant|Any CPU
		{5DD9F592-BE11-4E33-878D-5EC7609E63E2}.ReleaseInstant|Any CPU.Build.0 = ReleaseInstant|Any CPU
		{5DD9F592-BE11-4E33-878D-5EC7609E63E2}.ReleaseInstant|Any CPU.Deploy.0 = ReleaseInstant|Any CPU
	EndGlobalSection
	GlobalSection(SolutionProperties) = preSolution
		HideSolutionNode = FALSE
	EndGlobalSection
	GlobalSection(ExtensibilityGlobals) = postSolution
		SolutionGuid = {28E8C42C-CF3F-4001-8BC6-8C8B653AE5EA}
	EndGlobalSection
EndGlobal
